
Microsoft Visual Studio Solution File, Format Version 12.00
# Visual Studio Version 17
VisualStudioVersion = 17.14.36327.8
MinimumVisualStudioVersion = 10.0.40219.1
Project("{FAE04EC0-301F-11D3-BF4B-00C04F79EFBC}") = "WebApplication", "WebApplication.csproj", "{4338AB95-39F1-4010-9F1E-F58ED531072D}"
EndProject
Project("{FAE04EC0-301F-11D3-BF4B-00C04F79EFBC}") = "BusinessServices", "..\Business\BusinessServices.csproj", "{B614B438-5E39-426F-B397-8FDEC2A09D90}"
EndProject
Project("{FAE04EC0-301F-11D3-BF4B-00C04F79EFBC}") = "BusinessServicesTests", "..\BusinessServicesTests\BusinessServicesTests.csproj", "{826CA974-5F9C-4EDE-AAF6-208080598A3A}"
EndProject
Global
	GlobalSection(SolutionConfigurationPlatforms) = preSolution
		Debug|Any CPU = Debug|Any CPU
		Release|Any CPU = Release|Any CPU
	EndGlobalSection
	GlobalSection(ProjectConfigurationPlatforms) = postSolution
		{4338AB95-39F1-4010-9F1E-F58ED531072D}.Debug|Any CPU.ActiveCfg = Debug|Any CPU
		{4338AB95-39F1-4010-9F1E-F58ED531072D}.Debug|Any CPU.Build.0 = Debug|Any CPU
		{4338AB95-39F1-4010-9F1E-F58ED531072D}.Release|Any CPU.ActiveCfg = Release|Any CPU
		{4338AB95-39F1-4010-9F1E-F58ED531072D}.Release|Any CPU.Build.0 = Release|Any CPU
		{B614B438-5E39-426F-B397-8FDEC2A09D90}.Debug|Any CPU.ActiveCfg = Debug|Any CPU
		{B614B438-5E39-426F-B397-8FDEC2A09D90}.Debug|Any CPU.Build.0 = Debug|Any CPU
		{B614B438-5E39-426F-B397-8FDEC2A09D90}.Release|Any CPU.ActiveCfg = Release|Any CPU
		{B614B438-5E39-426F-B397-8FDEC2A09D90}.Release|Any CPU.Build.0 = Release|Any CPU
		{826CA974-5F9C-4EDE-AAF6-208080598A3A}.Debug|Any CPU.ActiveCfg = Debug|Any CPU
		{826CA974-5F9C-4EDE-AAF6-208080598A3A}.Debug|Any CPU.Build.0 = Debug|Any CPU
		{826CA974-5F9C-4EDE-AAF6-208080598A3A}.Release|Any CPU.ActiveCfg = Release|Any CPU
		{826CA974-5F9C-4EDE-AAF6-208080598A3A}.Release|Any CPU.Build.0 = Release|Any CPU
	EndGlobalSection
	GlobalSection(SolutionProperties) = preSolution
		HideSolutionNode = FALSE
	EndGlobalSection
	GlobalSection(ExtensibilityGlobals) = postSolution
		SolutionGuid = {0289ECD2-B894-4952-8172-4F51913E99A6}
	EndGlobalSection
EndGlobal
